Microsoft Visual Studio Solution File, Format Version 11.00
# Visual Studio 2008

Project("{3C18F329-BB40-CAAF-6BA9-34286FC9C62B}") = "Megaroids", "Assembly-UnityScript.unityproj", "{EA426B2E-393E-0A63-0232-E31B3D6DB07F}"
EndProject
Global
	GlobalSection(SolutionConfigurationPlatforms) = preSolution
		Debug|Any CPU = Debug|Any CPU
		Release|Any CPU = Release|Any CPU
	EndGlobalSection
	GlobalSection(ProjectConfigurationPlatforms) = postSolution
		{EA426B2E-393E-0A63-0232-E31B3D6DB07F}.Debug|Any CPU.ActiveCfg = Debug|Any CPU
		{EA426B2E-393E-0A63-0232-E31B3D6DB07F}.Debug|Any CPU.Build.0 = Debug|Any CPU
		{EA426B2E-393E-0A63-0232-E31B3D6DB07F}.Release|Any CPU.ActiveCfg = Release|Any CPU
		{EA426B2E-393E-0A63-0232-E31B3D6DB07F}.Release|Any CPU.Build.0 = Release|Any CPU
	EndGlobalSection
	GlobalSection(SolutionProperties) = preSolution
		HideSolutionNode = FALSE
	EndGlobalSection
	GlobalSection(MonoDevelopProperties) = preSolution
		StartupItem = Assembly-CSharp.csproj
	EndGlobalSection
EndGlobal
